
Microsoft Visual Studio Solution File, Format Version 12.00
# Visual Studio Version 17
VisualStudioVersion = 17.5.002.0
MinimumVisualStudioVersion = 10.0.40219.1
Project("{9A19103F-16F7-4668-BE54-9A1E7A4F7556}") = "console", "console\console.csproj", "{89394259-047F-4FAA-AF64-0AFA8D383D25}"
EndProject
Project("{2150E333-8FDC-42A3-9474-1A3956D46DE8}") = "console (1)", "console", "{9FBF47EB-CE32-40C5-956F-3F51150C892E}"
EndProject
Project("{9A19103F-16F7-4668-BE54-9A1E7A4F7556}") = "firstApp", "console\firstApp\firstApp.csproj", "{DD4E6832-0831-473A-BF6B-19D599AEEF15}"
EndProject
Global
	GlobalSection(SolutionConfigurationPlatforms) = preSolution
		Debug|Any CPU = Debug|Any CPU
		Release|Any CPU = Release|Any CPU
	EndGlobalSection
	GlobalSection(ProjectConfigurationPlatforms) = postSolution
		{89394259-047F-4FAA-AF64-0AFA8D383D25}.Debug|Any CPU.ActiveCfg = Debug|Any CPU
		{89394259-047F-4FAA-AF64-0AFA8D383D25}.Debug|Any CPU.Build.0 = Debug|Any CPU
		{89394259-047F-4FAA-AF64-0AFA8D383D25}.Release|Any CPU.ActiveCfg = Release|Any CPU
		{89394259-047F-4FAA-AF64-0AFA8D383D25}.Release|Any CPU.Build.0 = Release|Any CPU
		{DD4E6832-0831-473A-BF6B-19D599AEEF15}.Debug|Any CPU.ActiveCfg = Debug|Any CPU
		{DD4E6832-0831-473A-BF6B-19D599AEEF15}.Debug|Any CPU.Build.0 = Debug|Any CPU
		{DD4E6832-0831-473A-BF6B-19D599AEEF15}.Release|Any CPU.ActiveCfg = Release|Any CPU
		{DD4E6832-0831-473A-BF6B-19D599AEEF15}.Release|Any CPU.Build.0 = Release|Any CPU
	EndGlobalSection
	GlobalSection(SolutionProperties) = preSolution
		HideSolutionNode = FALSE
	EndGlobalSection
	GlobalSection(NestedProjects) = preSolution
		{DD4E6832-0831-473A-BF6B-19D599AEEF15} = {9FBF47EB-CE32-40C5-956F-3F51150C892E}
	EndGlobalSection
	GlobalSection(ExtensibilityGlobals) = postSolution
		SolutionGuid = {164305F8-12E1-45CF-BBE2-84ECA1A8A358}
	EndGlobalSection
EndGlobal
